// !$*UTF8*$!
{
	archiveVersion = 1;
	classes = {
	};
	objectVersion = 46;
	objects = {

/* Begin PBXBuildFile section */
		C90486B11CC712020053C8C6 /* AppDelegate.swift in Sources */ = {isa = PBXBuildFile; fileRef = C90486B01CC712020053C8C6 /* AppDelegate.swift */; };
		C90486B31CC712020053C8C6 /* Assets.xcassets in Resources */ = {isa = PBXBuildFile; fileRef = C90486B21CC712020053C8C6 /* Assets.xcassets */; };
		C90486B61CC712020053C8C6 /* MainMenu.xib in Resources */ = {isa = PBXBuildFile; fileRef = C90486B41CC712020053C8C6 /* MainMenu.xib */; };
		C90486BE1CC712180053C8C6 /* football.dat in Resources */ = {isa = PBXBuildFile; fileRef = C90486BD1CC712180053C8C6 /* football.dat */; };
		C90486C01CC7124D0053C8C6 /* Football.swift in Sources */ = {isa = PBXBuildFile; fileRef = C90486BF1CC7124D0053C8C6 /* Football.swift */; };
		C98FB1E71CC88C8600A092E2 /* DifferenceCommon.framework in Frameworks */ = {isa = PBXBuildFile; fileRef = C98FB1E61CC88C8600A092E2 /* DifferenceCommon.framework */; };
		C98FB1E91CC88C9300A092E2 /* DifferenceCommon.framework in Embed Frameworks */ = {isa = PBXBuildFile; fileRef = C98FB1E61CC88C8600A092E2 /* DifferenceCommon.framework */; settings = {ATTRIBUTES = (CodeSignOnCopy, RemoveHeadersOnCopy, ); }; };
/* End PBXBuildFile section */

/* Begin PBXCopyFilesBuildPhase section */
		C98FB1DD1CC88B0200A092E2 /* Embed Frameworks */ = {
			isa = PBXCopyFilesBuildPhase;
			buildActionMask = 2147483647;
			dstPath = "";
			dstSubfolderSpec = 10;
			files = (
				C98FB1E91CC88C9300A092E2 /* DifferenceCommon.framework in Embed Frameworks */,
			);
			name = "Embed Frameworks";
			runOnlyForDeploymentPostprocessing = 0;
		};
/* End PBXCopyFilesBuildPhase section */

/* Begin PBXFileReference section */
		C90486AD1CC712020053C8C6 /* Football.app */ = {isa = PBXFileReference; explicitFileType = wrapper.application; includeInIndex = 0; path = Football.app; sourceTree = BUILT_PRODUCTS_DIR; };
		C90486B01CC712020053C8C6 /* AppDelegate.swift */ = {isa = PBXFileReference; lastKnownFileType = sourcecode.swift; path = AppDelegate.swift; sourceTree = "<group>"; };
		C90486B21CC712020053C8C6 /* Assets.xcassets */ = {isa = PBXFileReference; lastKnownFileType = folder.assetcatalog; path = Assets.xcassets; sourceTree = "<group>"; };
		C90486B51CC712020053C8C6 /* Base */ = {isa = PBXFileReference; lastKnownFileType = file.xib; name = Base; path = Base.lproj/MainMenu.xib; sourceTree = "<group>"; };
		C90486B71CC712020053C8C6 /* Info.plist */ = {isa = PBXFileReference; lastKnownFileType = text.plist.xml; path = Info.plist; sourceTree = "<group>"; };
		C90486BD1CC712180053C8C6 /* football.dat */ = {isa = PBXFileReference; fileEncoding = 4; lastKnownFileType = text; path = football.dat; sourceTree = "<group>"; };
		C90486BF1CC7124D0053C8C6 /* Football.swift */ = {isa = PBXFileReference; fileEncoding = 4; lastKnownFileType = sourcecode.swift; path = Football.swift; sourceTree = "<group>"; };
		C98FB1E61CC88C8600A092E2 /* DifferenceCommon.framework */ = {isa = PBXFileReference; lastKnownFileType = wrapper.framework; path = DifferenceCommon.framework; sourceTree = "<group>"; };
/* End PBXFileReference section */

/* Begin PBXFrameworksBuildPhase section */
		C90486AA1CC712020053C8C6 /* Frameworks */ = {
			isa = PBXFrameworksBuildPhase;
			buildActionMask = 2147483647;
			files = (
				C98FB1E71CC88C8600A092E2 /* DifferenceCommon.framework in Frameworks */,
			);
			runOnlyForDeploymentPostprocessing = 0;
		};
/* End PBXFrameworksBuildPhase section */

/* Begin PBXGroup section */
		C90486A41CC712020053C8C6 = {
			isa = PBXGroup;
			children = (
				C98FB1E61CC88C8600A092E2 /* DifferenceCommon.framework */,
				C90486AF1CC712020053C8C6 /* Football */,
				C90486AE1CC712020053C8C6 /* Products */,
			);
			sourceTree = "<group>";
		};
		C90486AE1CC712020053C8C6 /* Products */ = {
			isa = PBXGroup;
			children = (
				C90486AD1CC712020053C8C6 /* Football.app */,
			);
			name = Products;
			sourceTree = "<group>";
		};
		C90486AF1CC712020053C8C6 /* Football */ = {
			isa = PBXGroup;
			children = (
				C90486BD1CC712180053C8C6 /* football.dat */,
				C90486B01CC712020053C8C6 /* AppDelegate.swift */,
				C90486B21CC712020053C8C6 /* Assets.xcassets */,
				C90486B41CC712020053C8C6 /* MainMenu.xib */,
				C90486B71CC712020053C8C6 /* Info.plist */,
				C90486BF1CC7124D0053C8C6 /* Football.swift */,
			);
			path = Football;
			sourceTree = "<group>";
		};
/* End PBXGroup section */

/* Begin PBXNativeTarget section */
		C90486AC1CC712020053C8C6 /* Football */ = {
			isa = PBXNativeTarget;
			buildConfigurationList = C90486BA1CC712020053C8C6 /* Build configuration list for PBXNativeTarget "Football" */;
			buildPhases = (
				C90486A91CC712020053C8C6 /* Sources */,
				C90486AA1CC712020053C8C6 /* Frameworks */,
				C90486AB1CC712020053C8C6 /* Resources */,
				C98FB1DD1CC88B0200A092E2 /* Embed Frameworks */,
			);
			buildRules = (
			);
			dependencies = (
			);
			name = Football;
			productName = Football;
			productReference = C90486AD1CC712020053C8C6 /* Football.app */;
			productType = "com.apple.product-type.application";
		};
/* End PBXNativeTarget section */

/* Begin PBXProject section */
		C90486A51CC712020053C8C6 /* Project object */ = {
			isa = PBXProject;
			attributes = {
				LastSwiftUpdateCheck = 0730;
				LastUpgradeCheck = 0730;
				ORGANIZATIONNAME = "Jordan Camara";
				TargetAttributes = {
					C90486AC1CC712020053C8C6 = {
						CreatedOnToolsVersion = 7.3;
					};
				};
			};
			buildConfigurationList = C90486A81CC712020053C8C6 /* Build configuration list for PBXProject "Football" */;
			compatibilityVersion = "Xcode 3.2";
			developmentRegion = English;
			hasScannedForEncodings = 0;
			knownRegions = (
				en,
				Base,
			);
			mainGroup = C90486A41CC712020053C8C6;
			productRefGroup = C90486AE1CC712020053C8C6 /* Products */;
			projectDirPath = "";
			projectRoot = "";
			targets = (
				C90486AC1CC712020053C8C6 /* Football */,
			);
		};
/* End PBXProject section */

/* Begin PBXResourcesBuildPhase section */
		C90486AB1CC712020053C8C6 /* Resources */ = {
			isa = PBXResourcesBuildPhase;
			buildActionMask = 2147483647;
			files = (
				C90486B31CC712020053C8C6 /* Assets.xcassets in Resources */,
				C90486BE1CC712180053C8C6 /* football.dat in Resources */,
				C90486B61CC712020053C8C6 /* MainMenu.xib in Resources */,
			);
			runOnlyForDeploymentPostprocessing = 0;
		};
/* End PBXResourcesBuildPhase section */

/* Begin PBXSourcesBuildPhase section */
		C90486A91CC712020053C8C6 /* Sources */ = {
			isa = PBXSourcesBuildPhase;
			buildActionMask = 2147483647;
			files = (
				C90486C01CC7124D0053C8C6 /* Football.swift in Sources */,
				C90486B11CC712020053C8C6 /* AppDelegate.swift in Sources */,
			);
			runOnlyForDeploymentPostprocessing = 0;
		};
/* End PBXSourcesBuildPhase section */

/* Begin PBXVariantGroup section */
		C90486B41CC712020053C8C6 /* MainMenu.xib */ = {
			isa = PBXVariantGroup;
			children = (
				C90486B51CC712020053C8C6 /* Base */,
			);
			name = MainMenu.xib;
			sourceTree = "<group>";
		};
/* End PBXVariantGroup section */

/* Begin XCBuildConfiguration section */
		C90486B81CC712020053C8C6 /* Debug */ = {
			isa = XCBuildConfiguration;
			buildSettings = {
				ALWAYS_SEARCH_USER_PATHS = NO;
				CLANG_ANALYZER_NONNULL = YES;
				CLANG_CXX_LANGUAGE_STANDARD = "gnu++0x";
				CLANG_CXX_LIBRARY = "libc++";
				CLANG_ENABLE_MODULES = YES;
				CLANG_ENABLE_OBJC_ARC = YES;
				CLANG_WARN_BOOL_CONVERSION = YES;
				CLANG_WARN_CONSTANT_CONVERSION = YES;
				CLANG_WARN_DIRECT_OBJC_ISA_USAGE = YES_ERROR;
				CLANG_WARN_EMPTY_BODY = YES;
				CLANG_WARN_ENUM_CONVERSION = YES;
				CLANG_WARN_INT_CONVERSION = YES;
				CLANG_WARN_OBJC_ROOT_CLASS = YES_ERROR;
				CLANG_WARN_UNREACHABLE_CODE = YES;
				CLANG_WARN__DUPLICATE_METHOD_MATCH = YES;
				CODE_SIGN_IDENTITY = "-";
				COPY_PHASE_STRIP = NO;
				DEBUG_INFORMATION_FORMAT = dwarf;
				ENABLE_STRICT_OBJC_MSGSEND = YES;
				ENABLE_TESTABILITY = YES;
				GCC_C_LANGUAGE_STANDARD = gnu99;
				GCC_DYNAMIC_NO_PIC = NO;
				GCC_NO_COMMON_BLOCKS = YES;
				GCC_OPTIMIZATION_LEVEL = 0;
				GCC_PREPROCESSOR_DEFINITIONS = (
					"DEBUG=1",
					"$(inherited)",
				);
				GCC_WARN_64_TO_32_BIT_CONVERSION = YES;
				GCC_WARN_ABOUT_RETURN_TYPE = YES_ERROR;
				GCC_WARN_UNDECLARED_SELECTOR = YES;
				GCC_WARN_UNINITIALIZED_AUTOS = YES_AGGRESSIVE;
				GCC_WARN_UNUSED_FUNCTION = YES;
				GCC_WARN_UNUSED_VARIABLE = YES;
				MACOSX_DEPLOYMENT_TARGET = 10.11;
				MTL_ENABLE_DEBUG_INFO = YES;
				ONLY_ACTIVE_ARCH = YES;
				SDKROOT = macosx;
				SWIFT_OPTIMIZATION_LEVEL = "-Onone";
			};
			name = Debug;
		};
		C90486B91CC712020053C8C6 /* Release */ = {
			isa = XCBuildConfiguration;
			buildSettings = {
				ALWAYS_SEARCH_USER_PATHS = NO;
				CLANG_ANALYZER_NONNULL = YES;
				CLANG_CXX_LANGUAGE_STANDARD = "gnu++0x";
				CLANG_CXX_LIBRARY = "libc++";
				CLANG_ENABLE_MODULES = YES;
				CLANG_ENABLE_OBJC_ARC = YES;
				CLANG_WARN_BOOL_CONVERSION = YES;
				CLANG_WARN_CONSTANT_CONVERSION = YES;
				CLANG_WARN_DIRECT_OBJC_ISA_USAGE = YES_ERROR;
				CLANG_WARN_EMPTY_BODY = YES;
				CLANG_WARN_ENUM_CONVERSION = YES;
				CLANG_WARN_INT_CONVERSION = YES;
				CLANG_WARN_OBJC_ROOT_CLASS = YES_ERROR;
				CLANG_WARN_UNREACHABLE_CODE = YES;
				CLANG_WARN__DUPLICATE_METHOD_MATCH = YES;
				CODE_SIGN_IDENTITY = "-";
				COPY_PHASE_STRIP = NO;
				DEBUG_INFORMATION_FORMAT = "dwarf-with-dsym";
				ENABLE_NS_ASSERTIONS = NO;
				ENABLE_STRICT_OBJC_MSGSEND = YES;
				GCC_C_LANGUAGE_STANDARD = gnu99;
				GCC_NO_COMMON_BLOCKS = YES;
				GCC_WARN_64_TO_32_BIT_CONVERSION = YES;
				GCC_WARN_ABOUT_RETURN_TYPE = YES_ERROR;
				GCC_WARN_UNDECLARED_SELECTOR = YES;
				GCC_WARN_UNINITIALIZED_AUTOS = YES_AGGRESSIVE;
				GCC_WARN_UNUSED_FUNCTION = YES;
				GCC_WARN_UNUSED_VARIABLE = YES;
				MACOSX_DEPLOYMENT_TARGET = 10.11;
				MTL_ENABLE_DEBUG_INFO = NO;
				SDKROOT = macosx;
			};
			name = Release;
		};
		C90486BB1CC712020053C8C6 /* Debug */ = {
			isa = XCBuildConfiguration;
			buildSettings = {
				ASSETCATALOG_COMPILER_APPICON_NAME = AppIcon;
				COMBINE_HIDPI_IMAGES = YES;
				FRAMEWORK_SEARCH_PATHS = (
					"$(inherited)",
					"$(PROJECT_DIR)",
				);
				INFOPLIST_FILE = Football/Info.plist;
				LD_RUNPATH_SEARCH_PATHS = "$(inherited) @executable_path/../Frameworks";
				PRODUCT_BUNDLE_IDENTIFIER = com.autosoft.Football;
				PRODUCT_NAME = "$(TARGET_NAME)";
			};
			name = Debug;
		};
		C90486BC1CC712020053C8C6 /* Release */ = {
			isa = XCBuildConfiguration;
			buildSettings = {
				ASSETCATALOG_COMPILER_APPICON_NAME = AppIcon;
				COMBINE_HIDPI_IMAGES = YES;
				FRAMEWORK_SEARCH_PATHS = (
					"$(inherited)",
					"$(PROJECT_DIR)",
				);
				INFOPLIST_FILE = Football/Info.plist;
				LD_RUNPATH_SEARCH_PATHS = "$(inherited) @executable_path/../Frameworks";
				PRODUCT_BUNDLE_IDENTIFIER = com.autosoft.Football;
				PRODUCT_NAME = "$(TARGET_NAME)";
			};
			name = Release;
		};
/* End XCBuildConfiguration section */

/* Begin XCConfigurationList section */
		C90486A81CC712020053C8C6 /* Build configuration list for PBXProject "Football" */ = {
			isa = XCConfigurationList;
			buildConfigurations = (
				C90486B81CC712020053C8C6 /* Debug */,
				C90486B91CC712020053C8C6 /* Release */,
			);
			defaultConfigurationIsVisible = 0;
			defaultConfigurationName = Release;
		};
		C90486BA1CC712020053C8C6 /* Build configuration list for PBXNativeTarget "Football" */ = {
			isa = XCConfigurationList;
			buildConfigurations = (
				C90486BB1CC712020053C8C6 /* Debug */,
				C90486BC1CC712020053C8C6 /* Release */,
			);
			defaultConfigurationIsVisible = 0;
			defaultConfigurationName = Release;
		};
/* End XCConfigurationList section */
	};
	rootObject = C90486A51CC712020053C8C6 /* Project object */;
}
