// !$*UTF8*$!
{
	archiveVersion = 1;
	classes = {
	};
	objectVersion = 46;
	objects = {

/* Begin PBXBuildFile section */
		C95C2B411CC6EB080030B2F8 /* main.swift in Sources */ = {isa = PBXBuildFile; fileRef = C95C2B401CC6EB080030B2F8 /* main.swift */; };
		C95C2B4A1CC6EB310030B2F8 /* WeatherData.swift in Sources */ = {isa = PBXBuildFile; fileRef = C95C2B491CC6EB310030B2F8 /* WeatherData.swift */; };
/* End PBXBuildFile section */

/* Begin PBXCopyFilesBuildPhase section */
		C95C2B3B1CC6EB080030B2F8 /* CopyFiles */ = {
			isa = PBXCopyFilesBuildPhase;
			buildActionMask = 2147483647;
			dstPath = /usr/share/man/man1/;
			dstSubfolderSpec = 0;
			files = (
			);
			runOnlyForDeploymentPostprocessing = 1;
		};
/* End PBXCopyFilesBuildPhase section */

/* Begin PBXFileReference section */
		C95C2B3D1CC6EB080030B2F8 /* DataMunging */ = {isa = PBXFileReference; explicitFileType = "compiled.mach-o.executable"; includeInIndex = 0; path = DataMunging; sourceTree = BUILT_PRODUCTS_DIR; };
		C95C2B401CC6EB080030B2F8 /* main.swift */ = {isa = PBXFileReference; lastKnownFileType = sourcecode.swift; path = main.swift; sourceTree = "<group>"; };
		C95C2B491CC6EB310030B2F8 /* WeatherData.swift */ = {isa = PBXFileReference; fileEncoding = 4; lastKnownFileType = sourcecode.swift; path = WeatherData.swift; sourceTree = "<group>"; };
/* End PBXFileReference section */

/* Begin PBXFrameworksBuildPhase section */
		C95C2B3A1CC6EB080030B2F8 /* Frameworks */ = {
			isa = PBXFrameworksBuildPhase;
			buildActionMask = 2147483647;
			files = (
			);
			runOnlyForDeploymentPostprocessing = 0;
		};
/* End PBXFrameworksBuildPhase section */

/* Begin PBXGroup section */
		C95C2B341CC6EB080030B2F8 = {
			isa = PBXGroup;
			children = (
				C95C2B3F1CC6EB080030B2F8 /* DataMunging */,
				C95C2B3E1CC6EB080030B2F8 /* Products */,
			);
			sourceTree = "<group>";
		};
		C95C2B3E1CC6EB080030B2F8 /* Products */ = {
			isa = PBXGroup;
			children = (
				C95C2B3D1CC6EB080030B2F8 /* DataMunging */,
			);
			name = Products;
			sourceTree = "<group>";
		};
		C95C2B3F1CC6EB080030B2F8 /* DataMunging */ = {
			isa = PBXGroup;
			children = (
				C95C2B4B1CC6EBE30030B2F8 /* Supporting Files */,
				C95C2B471CC6EB230030B2F8 /* SoccerLeague */,
				C95C2B481CC6EB230030B2F8 /* WeatherData */,
				C95C2B401CC6EB080030B2F8 /* main.swift */,
			);
			path = DataMunging;
			sourceTree = "<group>";
		};
		C95C2B471CC6EB230030B2F8 /* SoccerLeague */ = {
			isa = PBXGroup;
			children = (
			);
			path = SoccerLeague;
			sourceTree = "<group>";
		};
		C95C2B481CC6EB230030B2F8 /* WeatherData */ = {
			isa = PBXGroup;
			children = (
				C95C2B491CC6EB310030B2F8 /* WeatherData.swift */,
			);
			path = WeatherData;
			sourceTree = "<group>";
		};
		C95C2B4B1CC6EBE30030B2F8 /* Supporting Files */ = {
			isa = PBXGroup;
			children = (
			);
			path = "Supporting Files";
			sourceTree = "<group>";
		};
/* End PBXGroup section */

/* Begin PBXNativeTarget section */
		C95C2B3C1CC6EB080030B2F8 /* DataMunging */ = {
			isa = PBXNativeTarget;
			buildConfigurationList = C95C2B441CC6EB080030B2F8 /* Build configuration list for PBXNativeTarget "DataMunging" */;
			buildPhases = (
				C95C2B391CC6EB080030B2F8 /* Sources */,
				C95C2B3A1CC6EB080030B2F8 /* Frameworks */,
				C95C2B3B1CC6EB080030B2F8 /* CopyFiles */,
			);
			buildRules = (
			);
			dependencies = (
			);
			name = DataMunging;
			productName = DataMunging;
			productReference = C95C2B3D1CC6EB080030B2F8 /* DataMunging */;
			productType = "com.apple.product-type.tool";
		};
/* End PBXNativeTarget section */

/* Begin PBXProject section */
		C95C2B351CC6EB080030B2F8 /* Project object */ = {
			isa = PBXProject;
			attributes = {
				LastSwiftUpdateCheck = 0730;
				LastUpgradeCheck = 0730;
				ORGANIZATIONNAME = "Jordan Camara";
				TargetAttributes = {
					C95C2B3C1CC6EB080030B2F8 = {
						CreatedOnToolsVersion = 7.3;
					};
				};
			};
			buildConfigurationList = C95C2B381CC6EB080030B2F8 /* Build configuration list for PBXProject "DataMunging" */;
			compatibilityVersion = "Xcode 3.2";
			developmentRegion = English;
			hasScannedForEncodings = 0;
			knownRegions = (
				en,
			);
			mainGroup = C95C2B341CC6EB080030B2F8;
			productRefGroup = C95C2B3E1CC6EB080030B2F8 /* Products */;
			projectDirPath = "";
			projectRoot = "";
			targets = (
				C95C2B3C1CC6EB080030B2F8 /* DataMunging */,
			);
		};
/* End PBXProject section */

/* Begin PBXSourcesBuildPhase section */
		C95C2B391CC6EB080030B2F8 /* Sources */ = {
			isa = PBXSourcesBuildPhase;
			buildActionMask = 2147483647;
			files = (
				C95C2B4A1CC6EB310030B2F8 /* WeatherData.swift in Sources */,
				C95C2B411CC6EB080030B2F8 /* main.swift in Sources */,
			);
			runOnlyForDeploymentPostprocessing = 0;
		};
/* End PBXSourcesBuildPhase section */

/* Begin XCBuildConfiguration section */
		C95C2B421CC6EB080030B2F8 /* Debug */ = {
			isa = XCBuildConfiguration;
			buildSettings = {
				ALWAYS_SEARCH_USER_PATHS = NO;
				CLANG_ANALYZER_NONNULL = YES;
				CLANG_CXX_LANGUAGE_STANDARD = "gnu++0x";
				CLANG_CXX_LIBRARY = "libc++";
				CLANG_ENABLE_MODULES = YES;
				CLANG_ENABLE_OBJC_ARC = YES;
				CLANG_WARN_BOOL_CONVERSION = YES;
				CLANG_WARN_CONSTANT_CONVERSION = YES;
				CLANG_WARN_DIRECT_OBJC_ISA_USAGE = YES_ERROR;
				CLANG_WARN_EMPTY_BODY = YES;
				CLANG_WARN_ENUM_CONVERSION = YES;
				CLANG_WARN_INT_CONVERSION = YES;
				CLANG_WARN_OBJC_ROOT_CLASS = YES_ERROR;
				CLANG_WARN_UNREACHABLE_CODE = YES;
				CLANG_WARN__DUPLICATE_METHOD_MATCH = YES;
				CODE_SIGN_IDENTITY = "-";
				COPY_PHASE_STRIP = NO;
				DEBUG_INFORMATION_FORMAT = dwarf;
				ENABLE_STRICT_OBJC_MSGSEND = YES;
				ENABLE_TESTABILITY = YES;
				GCC_C_LANGUAGE_STANDARD = gnu99;
				GCC_DYNAMIC_NO_PIC = NO;
				GCC_NO_COMMON_BLOCKS = YES;
				GCC_OPTIMIZATION_LEVEL = 0;
				GCC_PREPROCESSOR_DEFINITIONS = (
					"DEBUG=1",
					"$(inherited)",
				);
				GCC_WARN_64_TO_32_BIT_CONVERSION = YES;
				GCC_WARN_ABOUT_RETURN_TYPE = YES_ERROR;
				GCC_WARN_UNDECLARED_SELECTOR = YES;
				GCC_WARN_UNINITIALIZED_AUTOS = YES_AGGRESSIVE;
				GCC_WARN_UNUSED_FUNCTION = YES;
				GCC_WARN_UNUSED_VARIABLE = YES;
				MACOSX_DEPLOYMENT_TARGET = 10.11;
				MTL_ENABLE_DEBUG_INFO = YES;
				ONLY_ACTIVE_ARCH = YES;
				SDKROOT = macosx;
				SWIFT_OPTIMIZATION_LEVEL = "-Onone";
			};
			name = Debug;
		};
		C95C2B431CC6EB080030B2F8 /* Release */ = {
			isa = XCBuildConfiguration;
			buildSettings = {
				ALWAYS_SEARCH_USER_PATHS = NO;
				CLANG_ANALYZER_NONNULL = YES;
				CLANG_CXX_LANGUAGE_STANDARD = "gnu++0x";
				CLANG_CXX_LIBRARY = "libc++";
				CLANG_ENABLE_MODULES = YES;
				CLANG_ENABLE_OBJC_ARC = YES;
				CLANG_WARN_BOOL_CONVERSION = YES;
				CLANG_WARN_CONSTANT_CONVERSION = YES;
				CLANG_WARN_DIRECT_OBJC_ISA_USAGE = YES_ERROR;
				CLANG_WARN_EMPTY_BODY = YES;
				CLANG_WARN_ENUM_CONVERSION = YES;
				CLANG_WARN_INT_CONVERSION = YES;
				CLANG_WARN_OBJC_ROOT_CLASS = YES_ERROR;
				CLANG_WARN_UNREACHABLE_CODE = YES;
				CLANG_WARN__DUPLICATE_METHOD_MATCH = YES;
				CODE_SIGN_IDENTITY = "-";
				COPY_PHASE_STRIP = NO;
				DEBUG_INFORMATION_FORMAT = "dwarf-with-dsym";
				ENABLE_NS_ASSERTIONS = NO;
				ENABLE_STRICT_OBJC_MSGSEND = YES;
				GCC_C_LANGUAGE_STANDARD = gnu99;
				GCC_NO_COMMON_BLOCKS = YES;
				GCC_WARN_64_TO_32_BIT_CONVERSION = YES;
				GCC_WARN_ABOUT_RETURN_TYPE = YES_ERROR;
				GCC_WARN_UNDECLARED_SELECTOR = YES;
				GCC_WARN_UNINITIALIZED_AUTOS = YES_AGGRESSIVE;
				GCC_WARN_UNUSED_FUNCTION = YES;
				GCC_WARN_UNUSED_VARIABLE = YES;
				MACOSX_DEPLOYMENT_TARGET = 10.11;
				MTL_ENABLE_DEBUG_INFO = NO;
				SDKROOT = macosx;
			};
			name = Release;
		};
		C95C2B451CC6EB080030B2F8 /* Debug */ = {
			isa = XCBuildConfiguration;
			buildSettings = {
				PRODUCT_NAME = "$(TARGET_NAME)";
			};
			name = Debug;
		};
		C95C2B461CC6EB080030B2F8 /* Release */ = {
			isa = XCBuildConfiguration;
			buildSettings = {
				PRODUCT_NAME = "$(TARGET_NAME)";
			};
			name = Release;
		};
/* End XCBuildConfiguration section */

/* Begin XCConfigurationList section */
		C95C2B381CC6EB080030B2F8 /* Build configuration list for PBXProject "DataMunging" */ = {
			isa = XCConfigurationList;
			buildConfigurations = (
				C95C2B421CC6EB080030B2F8 /* Debug */,
				C95C2B431CC6EB080030B2F8 /* Release */,
			);
			defaultConfigurationIsVisible = 0;
			defaultConfigurationName = Release;
		};
		C95C2B441CC6EB080030B2F8 /* Build configuration list for PBXNativeTarget "DataMunging" */ = {
			isa = XCConfigurationList;
			buildConfigurations = (
				C95C2B451CC6EB080030B2F8 /* Debug */,
				C95C2B461CC6EB080030B2F8 /* Release */,
			);
			defaultConfigurationIsVisible = 0;
		};
/* End XCConfigurationList section */
	};
	rootObject = C95C2B351CC6EB080030B2F8 /* Project object */;
}
